<?xml version="1.0" encoding="utf-8"?>
<Project ToolsVersion="4.0" xmlns="http://schemas.microsoft.com/developer/msbuild/2003">
  <ItemGroup>
    <Filter Include="소스 파일">
      <UniqueIdentifier>{4FC737F1-C7A5-4376-A066-2A32D752A2FF}</UniqueIdentifier>
      <Extensions>cpp;c;cc;cxx;c++;cppm;ixx;def;odl;idl;hpj;bat;asm;asmx</Extensions>
    </Filter>
    <Filter Include="헤더 파일">
      <UniqueIdentifier>{93995380-89BD-4b04-88EB-625FBE52EBFB}</UniqueIdentifier>
      <Extensions>h;hh;hpp;hxx;h++;hm;inl;inc;ipp;xsd</Extensions>
    </Filter>
    <Filter Include="리소스 파일">
      <UniqueIdentifier>{67DA6AB6-F800-4c08-8B7A-83BB121AAD01}</UniqueIdentifier>
      <Extensions>rc;ico;cur;bmp;dlg;rc2;rct;bin;rgs;gif;jpg;jpeg;jpe;resx;tiff;tif;png;wav;mfcribbon-ms</Extensions>
    </Filter>
    <Filter Include="Game">
      <UniqueIdentifier>{f6eca600-73dd-4366-95cf-33bc9c29e7ca}</UniqueIdentifier>
    </Filter>
    <Filter Include="Managers">
      <UniqueIdentifier>{f61db6f0-adf0-4e0c-8604-84c6d4c1b21f}</UniqueIdentifier>
    </Filter>
    <Filter Include="Resource">
      <UniqueIdentifier>{b88260d9-184c-49f8-8198-2389e95ff25a}</UniqueIdentifier>
    </Filter>
    <Filter Include="Object">
      <UniqueIdentifier>{16ec96f5-b086-474f-aced-53c4be1afd91}</UniqueIdentifier>
    </Filter>
    <Filter Include="Collision">
      <UniqueIdentifier>{5f9aef85-de97-476b-a159-864bbf06c2a1}</UniqueIdentifier>
    </Filter>
    <Filter Include="Utils">
      <UniqueIdentifier>{efebf559-8b6e-4ee2-b050-7989dda9f469}</UniqueIdentifier>
    </Filter>
    <Filter Include="Data">
      <UniqueIdentifier>{c152faf2-9c31-4f59-9e39-08096fc0199e}</UniqueIdentifier>
    </Filter>
    <Filter Include="Object\State">
      <UniqueIdentifier>{e023f7a9-7564-4f35-ba00-b4e5792abe1a}</UniqueIdentifier>
    </Filter>
    <Filter Include="UI">
      <UniqueIdentifier>{df33b770-f52f-45b4-b7d4-cf26792971f5}</UniqueIdentifier>
    </Filter>
  </ItemGroup>
  <ItemGroup>
    <ClInclude Include="framework.h">
      <Filter>헤더 파일</Filter>
    </ClInclude>
    <ClInclude Include="targetver.h">
      <Filter>헤더 파일</Filter>
    </ClInclude>
    <ClInclude Include="Resource.h">
      <Filter>헤더 파일</Filter>
    </ClInclude>
    <ClInclude Include="Game.h">
      <Filter>Game</Filter>
    </ClInclude>
    <ClInclude Include="Scene.h">
      <Filter>Game</Filter>
    </ClInclude>
    <ClInclude Include="CollisionManager.h">
      <Filter>Managers</Filter>
    </ClInclude>
    <ClInclude Include="InputManager.h">
      <Filter>Managers</Filter>
    </ClInclude>
    <ClInclude Include="ResourceManager.h">
      <Filter>Managers</Filter>
    </ClInclude>
    <ClInclude Include="TimeManager.h">
      <Filter>Managers</Filter>
    </ClInclude>
    <ClInclude Include="TinyRPG.h">
      <Filter>Game</Filter>
    </ClInclude>
    <ClInclude Include="Defines.h">
      <Filter>Utils</Filter>
    </ClInclude>
    <ClInclude Include="pch.h">
      <Filter>Utils</Filter>
    </ClInclude>
    <ClInclude Include="Singleton.h">
      <Filter>Utils</Filter>
    </ClInclude>
    <ClInclude Include="Sprite.h">
      <Filter>Resource</Filter>
    </ClInclude>
    <ClInclude Include="Texture.h">
      <Filter>Resource</Filter>
    </ClInclude>
    <ClInclude Include="AnimSprite.h">
      <Filter>Resource</Filter>
    </ClInclude>
    <ClInclude Include="ColliderCircle.h">
      <Filter>Collision</Filter>
    </ClInclude>
    <ClInclude Include="UIManager.h">
      <Filter>Managers</Filter>
    </ClInclude>
    <ClInclude Include="Actor.h">
      <Filter>Object</Filter>
    </ClInclude>
    <ClInclude Include="LobbyScene.h">
      <Filter>Game</Filter>
    </ClInclude>
    <ClInclude Include="GameScene.h">
      <Filter>Game</Filter>
    </ClInclude>
    <ClInclude Include="EmptyScene.h">
      <Filter>Game</Filter>
    </ClInclude>
    <ClInclude Include="Map.h">
      <Filter>Object</Filter>
    </ClInclude>
    <ClInclude Include="Player.h">
      <Filter>Object</Filter>
    </ClInclude>
    <ClInclude Include="Enemy.h">
      <Filter>Object</Filter>
    </ClInclude>
    <ClInclude Include="Effect.h">
      <Filter>Object</Filter>
    </ClInclude>
    <ClInclude Include="Creature.h">
      <Filter>Object</Filter>
    </ClInclude>
    <ClInclude Include="DataManager.h">
      <Filter>Managers</Filter>
    </ClInclude>
    <ClInclude Include="MapData.h">
      <Filter>Data</Filter>
    </ClInclude>
    <ClInclude Include="DataObject.h">
      <Filter>Data</Filter>
    </ClInclude>
    <ClInclude Include="State.h">
      <Filter>Object\State</Filter>
    </ClInclude>
    <ClInclude Include="PlayerState.h">
      <Filter>Object\State</Filter>
    </ClInclude>
    <ClInclude Include="EnemyState.h">
      <Filter>Object\State</Filter>
    </ClInclude>
    <ClInclude Include="MonsterData.h">
      <Filter>Data</Filter>
    </ClInclude>
    <ClInclude Include="UIMessage.h">
      <Filter>UI</Filter>
    </ClInclude>
    <ClInclude Include="UIBase.h">
      <Filter>UI</Filter>
    </ClInclude>
    <ClInclude Include="UIHud.h">
      <Filter>UI</Filter>
    </ClInclude>
    <ClInclude Include="BaseBitmap.h">
      <Filter>Resource</Filter>
    </ClInclude>
  </ItemGroup>
  <ItemGroup>
    <ClCompile Include="Game.cpp">
      <Filter>Game</Filter>
    </ClCompile>
    <ClCompile Include="Scene.cpp">
      <Filter>Game</Filter>
    </ClCompile>
    <ClCompile Include="TinyRPG.cpp">
      <Filter>Game</Filter>
    </ClCompile>
    <ClCompile Include="CollisionManager.cpp">
      <Filter>Managers</Filter>
    </ClCompile>
    <ClCompile Include="InputManager.cpp">
      <Filter>Managers</Filter>
    </ClCompile>
    <ClCompile Include="ResourceManager.cpp">
      <Filter>Managers</Filter>
    </ClCompile>
    <ClCompile Include="TimeManager.cpp">
      <Filter>Managers</Filter>
    </ClCompile>
    <ClCompile Include="Defines.cpp">
      <Filter>Utils</Filter>
    </ClCompile>
    <ClCompile Include="pch.cpp">
      <Filter>Utils</Filter>
    </ClCompile>
    <ClCompile Include="Sprite.cpp">
      <Filter>Resource</Filter>
    </ClCompile>
    <ClCompile Include="Texture.cpp">
      <Filter>Resource</Filter>
    </ClCompile>
    <ClCompile Include="AnimSprite.cpp">
      <Filter>Resource</Filter>
    </ClCompile>
    <ClCompile Include="ColliderCircle.cpp">
      <Filter>Collision</Filter>
    </ClCompile>
    <ClCompile Include="UIManager.cpp">
      <Filter>Managers</Filter>
    </ClCompile>
    <ClCompile Include="Actor.cpp">
      <Filter>Object</Filter>
    </ClCompile>
    <ClCompile Include="LobbyScene.cpp">
      <Filter>Game</Filter>
    </ClCompile>
    <ClCompile Include="EmptyScene.cpp">
      <Filter>Game</Filter>
    </ClCompile>
    <ClCompile Include="GameScene.cpp">
      <Filter>Game</Filter>
    </ClCompile>
    <ClCompile Include="Map.cpp">
      <Filter>Object</Filter>
    </ClCompile>
    <ClCompile Include="Player.cpp">
      <Filter>Object</Filter>
    </ClCompile>
    <ClCompile Include="Enemy.cpp">
      <Filter>Object</Filter>
    </ClCompile>
    <ClCompile Include="Effect.cpp">
      <Filter>Object</Filter>
    </ClCompile>
    <ClCompile Include="Creature.cpp">
      <Filter>Object</Filter>
    </ClCompile>
    <ClCompile Include="DataManager.cpp">
      <Filter>Managers</Filter>
    </ClCompile>
    <ClCompile Include="MapData.cpp">
      <Filter>Data</Filter>
    </ClCompile>
    <ClCompile Include="DataObject.cpp">
      <Filter>Data</Filter>
    </ClCompile>
    <ClCompile Include="State.cpp">
      <Filter>Object\State</Filter>
    </ClCompile>
    <ClCompile Include="PlayerState.cpp">
      <Filter>Object\State</Filter>
    </ClCompile>
    <ClCompile Include="EnemyState.cpp">
      <Filter>Object\State</Filter>
    </ClCompile>
    <ClCompile Include="MonsterData.cpp">
      <Filter>Data</Filter>
    </ClCompile>
    <ClCompile Include="UIMessage.cpp">
      <Filter>UI</Filter>
    </ClCompile>
    <ClCompile Include="UIBase.cpp">
      <Filter>UI</Filter>
    </ClCompile>
    <ClCompile Include="UIHud.cpp">
      <Filter>UI</Filter>
    </ClCompile>
    <ClCompile Include="BaseBitmap.cpp">
      <Filter>Resource</Filter>
    </ClCompile>
  </ItemGroup>
  <ItemGroup>
    <ResourceCompile Include="TinyRPG.rc">
      <Filter>리소스 파일</Filter>
    </ResourceCompile>
  </ItemGroup>
  <ItemGroup>
    <Image Include="small.ico">
      <Filter>리소스 파일</Filter>
    </Image>
    <Image Include="TinyRPG.ico">
      <Filter>리소스 파일</Filter>
    </Image>
  </ItemGroup>
</Project>