<?xml version="1.0" encoding="utf-8"?>
<Project ToolsVersion="4.0" xmlns="http://schemas.microsoft.com/developer/msbuild/2003">
  <ItemGroup>
    <Filter Include="소스 파일">
      <UniqueIdentifier>{4FC737F1-C7A5-4376-A066-2A32D752A2FF}</UniqueIdentifier>
      <Extensions>cpp;c;cc;cxx;c++;cppm;ixx;def;odl;idl;hpj;bat;asm;asmx</Extensions>
    </Filter>
    <Filter Include="헤더 파일">
      <UniqueIdentifier>{93995380-89BD-4b04-88EB-625FBE52EBFB}</UniqueIdentifier>
      <Extensions>h;hh;hpp;hxx;h++;hm;inl;inc;ipp;xsd</Extensions>
    </Filter>
    <Filter Include="리소스 파일">
      <UniqueIdentifier>{67DA6AB6-F800-4c08-8B7A-83BB121AAD01}</UniqueIdentifier>
      <Extensions>rc;ico;cur;bmp;dlg;rc2;rct;bin;rgs;gif;jpg;jpeg;jpe;resx;tiff;tif;png;wav;mfcribbon-ms</Extensions>
    </Filter>
    <Filter Include="Managers">
      <UniqueIdentifier>{d9634f4e-43de-48a6-95bd-73245543d9a0}</UniqueIdentifier>
    </Filter>
    <Filter Include="Scene">
      <UniqueIdentifier>{a67b9bfe-edaa-45ac-9c0b-d5963f1ac744}</UniqueIdentifier>
    </Filter>
    <Filter Include="Block">
      <UniqueIdentifier>{c1b7326a-5fcb-4f5f-b258-3c6f415b3589}</UniqueIdentifier>
    </Filter>
    <Filter Include="Object">
      <UniqueIdentifier>{009d3fa8-9d10-4022-a059-bb8f030727ba}</UniqueIdentifier>
    </Filter>
    <Filter Include="Resource">
      <UniqueIdentifier>{96d241ac-ff51-4b55-a271-9b53d7df57ca}</UniqueIdentifier>
    </Filter>
    <Filter Include="Main">
      <UniqueIdentifier>{c31c4f8e-0184-4490-8ce5-cd062bdc28d5}</UniqueIdentifier>
    </Filter>
    <Filter Include="UI">
      <UniqueIdentifier>{bbc30cc5-211b-49f2-af95-14a083f46b97}</UniqueIdentifier>
    </Filter>
    <Filter Include="Data">
      <UniqueIdentifier>{e6d681a3-cd66-424c-ab20-50efecc46657}</UniqueIdentifier>
    </Filter>
  </ItemGroup>
  <ItemGroup>
    <ClInclude Include="framework.h">
      <Filter>헤더 파일</Filter>
    </ClInclude>
    <ClInclude Include="targetver.h">
      <Filter>헤더 파일</Filter>
    </ClInclude>
    <ClInclude Include="Resource.h">
      <Filter>헤더 파일</Filter>
    </ClInclude>
    <ClInclude Include="BounceBall.h">
      <Filter>Main</Filter>
    </ClInclude>
    <ClInclude Include="DataManager.h">
      <Filter>Managers</Filter>
    </ClInclude>
    <ClInclude Include="Game.h">
      <Filter>Managers</Filter>
    </ClInclude>
    <ClInclude Include="InputManager.h">
      <Filter>Managers</Filter>
    </ClInclude>
    <ClInclude Include="ResourceManager.h">
      <Filter>Managers</Filter>
    </ClInclude>
    <ClInclude Include="TimeManager.h">
      <Filter>Managers</Filter>
    </ClInclude>
    <ClInclude Include="UIManager.h">
      <Filter>Managers</Filter>
    </ClInclude>
    <ClInclude Include="AnimSprite.h">
      <Filter>Resource</Filter>
    </ClInclude>
    <ClInclude Include="DXBitmap.h">
      <Filter>Resource</Filter>
    </ClInclude>
    <ClInclude Include="Sprite.h">
      <Filter>Resource</Filter>
    </ClInclude>
    <ClInclude Include="Texture.h">
      <Filter>Resource</Filter>
    </ClInclude>
    <ClInclude Include="UIBase.h">
      <Filter>UI</Filter>
    </ClInclude>
    <ClInclude Include="Actor.h">
      <Filter>Object</Filter>
    </ClInclude>
    <ClInclude Include="EmptyScene.h">
      <Filter>Scene</Filter>
    </ClInclude>
    <ClInclude Include="GameScene.h">
      <Filter>Scene</Filter>
    </ClInclude>
    <ClInclude Include="LobbyScene.h">
      <Filter>Scene</Filter>
    </ClInclude>
    <ClInclude Include="Defines.h">
      <Filter>Main</Filter>
    </ClInclude>
    <ClInclude Include="Singleton.h">
      <Filter>Main</Filter>
    </ClInclude>
    <ClInclude Include="pch.h">
      <Filter>Main</Filter>
    </ClInclude>
    <ClInclude Include="Scene.h">
      <Filter>Scene</Filter>
    </ClInclude>
    <ClInclude Include="DataObject.h">
      <Filter>Data</Filter>
    </ClInclude>
    <ClInclude Include="UIButton.h">
      <Filter>UI</Filter>
    </ClInclude>
    <ClInclude Include="UIImage.h">
      <Filter>UI</Filter>
    </ClInclude>
    <ClInclude Include="Ball.h">
      <Filter>Object</Filter>
    </ClInclude>
    <ClInclude Include="BaseResource.h">
      <Filter>Resource</Filter>
    </ClInclude>
    <ClInclude Include="Block.h">
      <Filter>Object</Filter>
    </ClInclude>
    <ClInclude Include="Background.h">
      <Filter>Object</Filter>
    </ClInclude>
    <ClInclude Include="EditorScene.h">
      <Filter>Scene</Filter>
    </ClInclude>
    <ClInclude Include="Star.h">
      <Filter>Object</Filter>
    </ClInclude>
    <ClInclude Include="StageLoader.h">
      <Filter>Scene</Filter>
    </ClInclude>
    <ClInclude Include="Effect.h">
      <Filter>Object</Filter>
    </ClInclude>
  </ItemGroup>
  <ItemGroup>
    <ResourceCompile Include="BounceBall.rc">
      <Filter>리소스 파일</Filter>
    </ResourceCompile>
  </ItemGroup>
  <ItemGroup>
    <Image Include="small.ico">
      <Filter>리소스 파일</Filter>
    </Image>
    <Image Include="BounceBall.ico">
      <Filter>리소스 파일</Filter>
    </Image>
  </ItemGroup>
  <ItemGroup>
    <ClCompile Include="BounceBall.cpp">
      <Filter>Main</Filter>
    </ClCompile>
    <ClCompile Include="DataManager.cpp">
      <Filter>Managers</Filter>
    </ClCompile>
    <ClCompile Include="Game.cpp">
      <Filter>Managers</Filter>
    </ClCompile>
    <ClCompile Include="InputManager.cpp">
      <Filter>Managers</Filter>
    </ClCompile>
    <ClCompile Include="ResourceManager.cpp">
      <Filter>Managers</Filter>
    </ClCompile>
    <ClCompile Include="TimeManager.cpp">
      <Filter>Managers</Filter>
    </ClCompile>
    <ClCompile Include="UIManager.cpp">
      <Filter>Managers</Filter>
    </ClCompile>
    <ClCompile Include="AnimSprite.cpp">
      <Filter>Resource</Filter>
    </ClCompile>
    <ClCompile Include="DXBitmap.cpp">
      <Filter>Resource</Filter>
    </ClCompile>
    <ClCompile Include="Sprite.cpp">
      <Filter>Resource</Filter>
    </ClCompile>
    <ClCompile Include="Texture.cpp">
      <Filter>Resource</Filter>
    </ClCompile>
    <ClCompile Include="UIBase.cpp">
      <Filter>UI</Filter>
    </ClCompile>
    <ClCompile Include="Actor.cpp">
      <Filter>Object</Filter>
    </ClCompile>
    <ClCompile Include="EmptyScene.cpp">
      <Filter>Scene</Filter>
    </ClCompile>
    <ClCompile Include="GameScene.cpp">
      <Filter>Scene</Filter>
    </ClCompile>
    <ClCompile Include="LobbyScene.cpp">
      <Filter>Scene</Filter>
    </ClCompile>
    <ClCompile Include="Defines.cpp">
      <Filter>Main</Filter>
    </ClCompile>
    <ClCompile Include="pch.cpp">
      <Filter>Main</Filter>
    </ClCompile>
    <ClCompile Include="Scene.cpp">
      <Filter>Scene</Filter>
    </ClCompile>
    <ClCompile Include="DataObject.cpp">
      <Filter>Data</Filter>
    </ClCompile>
    <ClCompile Include="UIButton.cpp">
      <Filter>UI</Filter>
    </ClCompile>
    <ClCompile Include="UIImage.cpp">
      <Filter>UI</Filter>
    </ClCompile>
    <ClCompile Include="Ball.cpp">
      <Filter>Object</Filter>
    </ClCompile>
    <ClCompile Include="BaseResource.cpp">
      <Filter>Resource</Filter>
    </ClCompile>
    <ClCompile Include="Block.cpp">
      <Filter>Object</Filter>
    </ClCompile>
    <ClCompile Include="Background.cpp">
      <Filter>Object</Filter>
    </ClCompile>
    <ClCompile Include="EditorScene.cpp">
      <Filter>Scene</Filter>
    </ClCompile>
    <ClCompile Include="Star.cpp">
      <Filter>Object</Filter>
    </ClCompile>
    <ClCompile Include="StageLoader.cpp">
      <Filter>Scene</Filter>
    </ClCompile>
    <ClCompile Include="Effect.cpp">
      <Filter>Object</Filter>
    </ClCompile>
  </ItemGroup>
</Project>